// !$*UTF8*$!
{
	archiveVersion = 1;
	classes = {
	};
	objectVersion = 46;
	objects = {

/* Begin PBXBuildFile section */
		341A35761E36E15D00679F15 /* newSequence.cpp in Sources */ = {isa = PBXBuildFile; fileRef = 341A35741E36E15D00679F15 /* newSequence.cpp */; };
		341A35781E36E17700679F15 /* testnewSequence.cpp in Sources */ = {isa = PBXBuildFile; fileRef = 341A35771E36E17700679F15 /* testnewSequence.cpp */; };
		3437622B1E35A23B008C933A /* testSequence.cpp in Sources */ = {isa = PBXBuildFile; fileRef = 3437622A1E35A23B008C933A /* testSequence.cpp */; };
		343762331E35B3B9008C933A /* Sequence.cpp in Sources */ = {isa = PBXBuildFile; fileRef = 343762311E35B3B9008C933A /* Sequence.cpp */; };
		343762361E35B961008C933A /* ScoreList.cpp in Sources */ = {isa = PBXBuildFile; fileRef = 343762341E35B961008C933A /* ScoreList.cpp */; };
		343762381E35B994008C933A /* testScoreList.cpp in Sources */ = {isa = PBXBuildFile; fileRef = 343762371E35B994008C933A /* testScoreList.cpp */; };
/* End PBXBuildFile section */

/* Begin PBXCopyFilesBuildPhase section */
		343762251E35A23B008C933A /* CopyFiles */ = {
			isa = PBXCopyFilesBuildPhase;
			buildActionMask = 2147483647;
			dstPath = /usr/share/man/man1/;
			dstSubfolderSpec = 0;
			files = (
			);
			runOnlyForDeploymentPostprocessing = 1;
		};
/* End PBXCopyFilesBuildPhase section */

/* Begin PBXFileReference section */
		341A35741E36E15D00679F15 /* newSequence.cpp */ = {isa = PBXFileReference; fileEncoding = 4; lastKnownFileType = sourcecode.cpp.cpp; path = newSequence.cpp; sourceTree = "<group>"; };
		341A35751E36E15D00679F15 /* newSequence.h */ = {isa = PBXFileReference; fileEncoding = 4; lastKnownFileType = sourcecode.c.h; path = newSequence.h; sourceTree = "<group>"; };
		341A35771E36E17700679F15 /* testnewSequence.cpp */ = {isa = PBXFileReference; fileEncoding = 4; lastKnownFileType = sourcecode.cpp.cpp; path = testnewSequence.cpp; sourceTree = "<group>"; };
		343762271E35A23B008C933A /* HW1 */ = {isa = PBXFileReference; explicitFileType = "compiled.mach-o.executable"; includeInIndex = 0; path = HW1; sourceTree = BUILT_PRODUCTS_DIR; };
		3437622A1E35A23B008C933A /* testSequence.cpp */ = {isa = PBXFileReference; lastKnownFileType = sourcecode.cpp.cpp; path = testSequence.cpp; sourceTree = "<group>"; };
		343762311E35B3B9008C933A /* Sequence.cpp */ = {isa = PBXFileReference; fileEncoding = 4; lastKnownFileType = sourcecode.cpp.cpp; path = Sequence.cpp; sourceTree = "<group>"; };
		343762321E35B3B9008C933A /* Sequence.h */ = {isa = PBXFileReference; fileEncoding = 4; lastKnownFileType = sourcecode.c.h; path = Sequence.h; sourceTree = "<group>"; };
		343762341E35B961008C933A /* ScoreList.cpp */ = {isa = PBXFileReference; fileEncoding = 4; lastKnownFileType = sourcecode.cpp.cpp; path = ScoreList.cpp; sourceTree = "<group>"; };
		343762351E35B961008C933A /* ScoreList.h */ = {isa = PBXFileReference; fileEncoding = 4; lastKnownFileType = sourcecode.c.h; path = ScoreList.h; sourceTree = "<group>"; };
		343762371E35B994008C933A /* testScoreList.cpp */ = {isa = PBXFileReference; fileEncoding = 4; lastKnownFileType = sourcecode.cpp.cpp; path = testScoreList.cpp; sourceTree = "<group>"; };
/* End PBXFileReference section */

/* Begin PBXFrameworksBuildPhase section */
		343762241E35A23B008C933A /* Frameworks */ = {
			isa = PBXFrameworksBuildPhase;
			buildActionMask = 2147483647;
			files = (
			);
			runOnlyForDeploymentPostprocessing = 0;
		};
/* End PBXFrameworksBuildPhase section */

/* Begin PBXGroup section */
		3437621E1E35A23B008C933A = {
			isa = PBXGroup;
			children = (
				343762291E35A23B008C933A /* HW1 */,
				343762281E35A23B008C933A /* Products */,
			);
			sourceTree = "<group>";
		};
		343762281E35A23B008C933A /* Products */ = {
			isa = PBXGroup;
			children = (
				343762271E35A23B008C933A /* HW1 */,
			);
			name = Products;
			sourceTree = "<group>";
		};
		343762291E35A23B008C933A /* HW1 */ = {
			isa = PBXGroup;
			children = (
				3437622A1E35A23B008C933A /* testSequence.cpp */,
				343762311E35B3B9008C933A /* Sequence.cpp */,
				343762321E35B3B9008C933A /* Sequence.h */,
				343762341E35B961008C933A /* ScoreList.cpp */,
				343762351E35B961008C933A /* ScoreList.h */,
				343762371E35B994008C933A /* testScoreList.cpp */,
				341A35741E36E15D00679F15 /* newSequence.cpp */,
				341A35751E36E15D00679F15 /* newSequence.h */,
				341A35771E36E17700679F15 /* testnewSequence.cpp */,
			);
			path = HW1;
			sourceTree = "<group>";
		};
/* End PBXGroup section */

/* Begin PBXNativeTarget section */
		343762261E35A23B008C933A /* HW1 */ = {
			isa = PBXNativeTarget;
			buildConfigurationList = 3437622E1E35A23B008C933A /* Build configuration list for PBXNativeTarget "HW1" */;
			buildPhases = (
				343762231E35A23B008C933A /* Sources */,
				343762241E35A23B008C933A /* Frameworks */,
				343762251E35A23B008C933A /* CopyFiles */,
			);
			buildRules = (
			);
			dependencies = (
			);
			name = HW1;
			productName = HW1;
			productReference = 343762271E35A23B008C933A /* HW1 */;
			productType = "com.apple.product-type.tool";
		};
/* End PBXNativeTarget section */

/* Begin PBXProject section */
		3437621F1E35A23B008C933A /* Project object */ = {
			isa = PBXProject;
			attributes = {
				LastUpgradeCheck = 0820;
				ORGANIZATIONNAME = CS32;
				TargetAttributes = {
					343762261E35A23B008C933A = {
						CreatedOnToolsVersion = 8.2.1;
						ProvisioningStyle = Automatic;
					};
				};
			};
			buildConfigurationList = 343762221E35A23B008C933A /* Build configuration list for PBXProject "HW1" */;
			compatibilityVersion = "Xcode 3.2";
			developmentRegion = English;
			hasScannedForEncodings = 0;
			knownRegions = (
				en,
			);
			mainGroup = 3437621E1E35A23B008C933A;
			productRefGroup = 343762281E35A23B008C933A /* Products */;
			projectDirPath = "";
			projectRoot = "";
			targets = (
				343762261E35A23B008C933A /* HW1 */,
			);
		};
/* End PBXProject section */

/* Begin PBXSourcesBuildPhase section */
		343762231E35A23B008C933A /* Sources */ = {
			isa = PBXSourcesBuildPhase;
			buildActionMask = 2147483647;
			files = (
				343762361E35B961008C933A /* ScoreList.cpp in Sources */,
				343762331E35B3B9008C933A /* Sequence.cpp in Sources */,
				343762381E35B994008C933A /* testScoreList.cpp in Sources */,
				341A35781E36E17700679F15 /* testnewSequence.cpp in Sources */,
				3437622B1E35A23B008C933A /* testSequence.cpp in Sources */,
				341A35761E36E15D00679F15 /* newSequence.cpp in Sources */,
			);
			runOnlyForDeploymentPostprocessing = 0;
		};
/* End PBXSourcesBuildPhase section */

/* Begin XCBuildConfiguration section */
		3437622C1E35A23B008C933A /* Debug */ = {
			isa = XCBuildConfiguration;
			buildSettings = {
				ALWAYS_SEARCH_USER_PATHS = NO;
				CLANG_ANALYZER_NONNULL = YES;
				CLANG_CXX_LANGUAGE_STANDARD = "gnu++0x";
				CLANG_CXX_LIBRARY = "libc++";
				CLANG_ENABLE_MODULES = YES;
				CLANG_ENABLE_OBJC_ARC = YES;
				CLANG_WARN_BOOL_CONVERSION = YES;
				CLANG_WARN_CONSTANT_CONVERSION = YES;
				CLANG_WARN_DIRECT_OBJC_ISA_USAGE = YES_ERROR;
				CLANG_WARN_DOCUMENTATION_COMMENTS = YES;
				CLANG_WARN_EMPTY_BODY = YES;
				CLANG_WARN_ENUM_CONVERSION = YES;
				CLANG_WARN_INFINITE_RECURSION = YES;
				CLANG_WARN_INT_CONVERSION = YES;
				CLANG_WARN_OBJC_ROOT_CLASS = YES_ERROR;
				CLANG_WARN_SUSPICIOUS_MOVE = YES;
				CLANG_WARN_UNREACHABLE_CODE = YES;
				CLANG_WARN__DUPLICATE_METHOD_MATCH = YES;
				CODE_SIGN_IDENTITY = "-";
				COPY_PHASE_STRIP = NO;
				DEBUG_INFORMATION_FORMAT = dwarf;
				ENABLE_STRICT_OBJC_MSGSEND = YES;
				ENABLE_TESTABILITY = YES;
				GCC_C_LANGUAGE_STANDARD = gnu99;
				GCC_DYNAMIC_NO_PIC = NO;
				GCC_NO_COMMON_BLOCKS = YES;
				GCC_OPTIMIZATION_LEVEL = 0;
				GCC_PREPROCESSOR_DEFINITIONS = (
					"DEBUG=1",
					"$(inherited)",
				);
				GCC_WARN_64_TO_32_BIT_CONVERSION = YES;
				GCC_WARN_ABOUT_RETURN_TYPE = YES_ERROR;
				GCC_WARN_UNDECLARED_SELECTOR = YES;
				GCC_WARN_UNINITIALIZED_AUTOS = YES_AGGRESSIVE;
				GCC_WARN_UNUSED_FUNCTION = YES;
				GCC_WARN_UNUSED_VARIABLE = YES;
				MACOSX_DEPLOYMENT_TARGET = 10.12;
				MTL_ENABLE_DEBUG_INFO = YES;
				ONLY_ACTIVE_ARCH = YES;
				SDKROOT = macosx;
			};
			name = Debug;
		};
		3437622D1E35A23B008C933A /* Release */ = {
			isa = XCBuildConfiguration;
			buildSettings = {
				ALWAYS_SEARCH_USER_PATHS = NO;
				CLANG_ANALYZER_NONNULL = YES;
				CLANG_CXX_LANGUAGE_STANDARD = "gnu++0x";
				CLANG_CXX_LIBRARY = "libc++";
				CLANG_ENABLE_MODULES = YES;
				CLANG_ENABLE_OBJC_ARC = YES;
				CLANG_WARN_BOOL_CONVERSION = YES;
				CLANG_WARN_CONSTANT_CONVERSION = YES;
				CLANG_WARN_DIRECT_OBJC_ISA_USAGE = YES_ERROR;
				CLANG_WARN_DOCUMENTATION_COMMENTS = YES;
				CLANG_WARN_EMPTY_BODY = YES;
				CLANG_WARN_ENUM_CONVERSION = YES;
				CLANG_WARN_INFINITE_RECURSION = YES;
				CLANG_WARN_INT_CONVERSION = YES;
				CLANG_WARN_OBJC_ROOT_CLASS = YES_ERROR;
				CLANG_WARN_SUSPICIOUS_MOVE = YES;
				CLANG_WARN_UNREACHABLE_CODE = YES;
				CLANG_WARN__DUPLICATE_METHOD_MATCH = YES;
				CODE_SIGN_IDENTITY = "-";
				COPY_PHASE_STRIP = NO;
				DEBUG_INFORMATION_FORMAT = "dwarf-with-dsym";
				ENABLE_NS_ASSERTIONS = NO;
				ENABLE_STRICT_OBJC_MSGSEND = YES;
				GCC_C_LANGUAGE_STANDARD = gnu99;
				GCC_NO_COMMON_BLOCKS = YES;
				GCC_WARN_64_TO_32_BIT_CONVERSION = YES;
				GCC_WARN_ABOUT_RETURN_TYPE = YES_ERROR;
				GCC_WARN_UNDECLARED_SELECTOR = YES;
				GCC_WARN_UNINITIALIZED_AUTOS = YES_AGGRESSIVE;
				GCC_WARN_UNUSED_FUNCTION = YES;
				GCC_WARN_UNUSED_VARIABLE = YES;
				MACOSX_DEPLOYMENT_TARGET = 10.12;
				MTL_ENABLE_DEBUG_INFO = NO;
				SDKROOT = macosx;
			};
			name = Release;
		};
		3437622F1E35A23B008C933A /* Debug */ = {
			isa = XCBuildConfiguration;
			buildSettings = {
				PRODUCT_NAME = "$(TARGET_NAME)";
			};
			name = Debug;
		};
		343762301E35A23B008C933A /* Release */ = {
			isa = XCBuildConfiguration;
			buildSettings = {
				PRODUCT_NAME = "$(TARGET_NAME)";
			};
			name = Release;
		};
/* End XCBuildConfiguration section */

/* Begin XCConfigurationList section */
		343762221E35A23B008C933A /* Build configuration list for PBXProject "HW1" */ = {
			isa = XCConfigurationList;
			buildConfigurations = (
				3437622C1E35A23B008C933A /* Debug */,
				3437622D1E35A23B008C933A /* Release */,
			);
			defaultConfigurationIsVisible = 0;
			defaultConfigurationName = Release;
		};
		3437622E1E35A23B008C933A /* Build configuration list for PBXNativeTarget "HW1" */ = {
			isa = XCConfigurationList;
			buildConfigurations = (
				3437622F1E35A23B008C933A /* Debug */,
				343762301E35A23B008C933A /* Release */,
			);
			defaultConfigurationIsVisible = 0;
			defaultConfigurationName = Release;
		};
/* End XCConfigurationList section */
	};
	rootObject = 3437621F1E35A23B008C933A /* Project object */;
}
