// !$*UTF8*$!
{
	archiveVersion = 1;
	classes = {
	};
	objectVersion = 46;
	objects = {

/* Begin PBXBuildFile section */
		34439F331E73865A009E7D73 /* main.cpp in Sources */ = {isa = PBXBuildFile; fileRef = 34439F321E73865A009E7D73 /* main.cpp */; };
		34439F3D1E738708009E7D73 /* AttractionMapper.cpp in Sources */ = {isa = PBXBuildFile; fileRef = 34439F3C1E738708009E7D73 /* AttractionMapper.cpp */; };
		34439F3F1E73871A009E7D73 /* MapLoader.cpp in Sources */ = {isa = PBXBuildFile; fileRef = 34439F3E1E73871A009E7D73 /* MapLoader.cpp */; };
		34439F411E738728009E7D73 /* Navigator.cpp in Sources */ = {isa = PBXBuildFile; fileRef = 34439F401E738728009E7D73 /* Navigator.cpp */; };
		34439F461E738BC4009E7D73 /* SegmentMapper.cpp in Sources */ = {isa = PBXBuildFile; fileRef = 34439F451E738BC4009E7D73 /* SegmentMapper.cpp */; };
		34439F491E7769E8009E7D73 /* support.cpp in Sources */ = {isa = PBXBuildFile; fileRef = 34439F471E7769E8009E7D73 /* support.cpp */; };
/* End PBXBuildFile section */

/* Begin PBXCopyFilesBuildPhase section */
		34439F2D1E73865A009E7D73 /* CopyFiles */ = {
			isa = PBXCopyFilesBuildPhase;
			buildActionMask = 2147483647;
			dstPath = /usr/share/man/man1/;
			dstSubfolderSpec = 0;
			files = (
			);
			runOnlyForDeploymentPostprocessing = 1;
		};
/* End PBXCopyFilesBuildPhase section */

/* Begin PBXFileReference section */
		34439F2F1E73865A009E7D73 /* Map */ = {isa = PBXFileReference; explicitFileType = "compiled.mach-o.executable"; includeInIndex = 0; path = Map; sourceTree = BUILT_PRODUCTS_DIR; };
		34439F321E73865A009E7D73 /* main.cpp */ = {isa = PBXFileReference; lastKnownFileType = sourcecode.cpp.cpp; path = main.cpp; sourceTree = "<group>"; };
		34439F3A1E738676009E7D73 /* MyMap.h */ = {isa = PBXFileReference; fileEncoding = 4; lastKnownFileType = sourcecode.c.h; path = MyMap.h; sourceTree = "<group>"; };
		34439F3C1E738708009E7D73 /* AttractionMapper.cpp */ = {isa = PBXFileReference; fileEncoding = 4; lastKnownFileType = sourcecode.cpp.cpp; path = AttractionMapper.cpp; sourceTree = "<group>"; };
		34439F3E1E73871A009E7D73 /* MapLoader.cpp */ = {isa = PBXFileReference; fileEncoding = 4; lastKnownFileType = sourcecode.cpp.cpp; path = MapLoader.cpp; sourceTree = "<group>"; };
		34439F401E738728009E7D73 /* Navigator.cpp */ = {isa = PBXFileReference; fileEncoding = 4; lastKnownFileType = sourcecode.cpp.cpp; path = Navigator.cpp; sourceTree = "<group>"; };
		34439F431E738BA0009E7D73 /* provided.h */ = {isa = PBXFileReference; fileEncoding = 4; lastKnownFileType = sourcecode.c.h; path = provided.h; sourceTree = "<group>"; };
		34439F451E738BC4009E7D73 /* SegmentMapper.cpp */ = {isa = PBXFileReference; fileEncoding = 4; lastKnownFileType = sourcecode.cpp.cpp; path = SegmentMapper.cpp; sourceTree = "<group>"; };
		34439F471E7769E8009E7D73 /* support.cpp */ = {isa = PBXFileReference; fileEncoding = 4; lastKnownFileType = sourcecode.cpp.cpp; path = support.cpp; sourceTree = "<group>"; };
		34439F481E7769E8009E7D73 /* support.h */ = {isa = PBXFileReference; fileEncoding = 4; lastKnownFileType = sourcecode.c.h; path = support.h; sourceTree = "<group>"; };
/* End PBXFileReference section */

/* Begin PBXFrameworksBuildPhase section */
		34439F2C1E73865A009E7D73 /* Frameworks */ = {
			isa = PBXFrameworksBuildPhase;
			buildActionMask = 2147483647;
			files = (
			);
			runOnlyForDeploymentPostprocessing = 0;
		};
/* End PBXFrameworksBuildPhase section */

/* Begin PBXGroup section */
		34439F261E73865A009E7D73 = {
			isa = PBXGroup;
			children = (
				34439F311E73865A009E7D73 /* Map */,
				34439F301E73865A009E7D73 /* Products */,
			);
			sourceTree = "<group>";
		};
		34439F301E73865A009E7D73 /* Products */ = {
			isa = PBXGroup;
			children = (
				34439F2F1E73865A009E7D73 /* Map */,
			);
			name = Products;
			sourceTree = "<group>";
		};
		34439F311E73865A009E7D73 /* Map */ = {
			isa = PBXGroup;
			children = (
				34439F321E73865A009E7D73 /* main.cpp */,
				34439F3A1E738676009E7D73 /* MyMap.h */,
				34439F3C1E738708009E7D73 /* AttractionMapper.cpp */,
				34439F3E1E73871A009E7D73 /* MapLoader.cpp */,
				34439F401E738728009E7D73 /* Navigator.cpp */,
				34439F431E738BA0009E7D73 /* provided.h */,
				34439F451E738BC4009E7D73 /* SegmentMapper.cpp */,
				34439F471E7769E8009E7D73 /* support.cpp */,
				34439F481E7769E8009E7D73 /* support.h */,
			);
			path = Map;
			sourceTree = "<group>";
		};
/* End PBXGroup section */

/* Begin PBXNativeTarget section */
		34439F2E1E73865A009E7D73 /* Map */ = {
			isa = PBXNativeTarget;
			buildConfigurationList = 34439F361E73865A009E7D73 /* Build configuration list for PBXNativeTarget "Map" */;
			buildPhases = (
				34439F2B1E73865A009E7D73 /* Sources */,
				34439F2C1E73865A009E7D73 /* Frameworks */,
				34439F2D1E73865A009E7D73 /* CopyFiles */,
			);
			buildRules = (
			);
			dependencies = (
			);
			name = Map;
			productName = Map;
			productReference = 34439F2F1E73865A009E7D73 /* Map */;
			productType = "com.apple.product-type.tool";
		};
/* End PBXNativeTarget section */

/* Begin PBXProject section */
		34439F271E73865A009E7D73 /* Project object */ = {
			isa = PBXProject;
			attributes = {
				LastUpgradeCheck = 0820;
				ORGANIZATIONNAME = CS32;
				TargetAttributes = {
					34439F2E1E73865A009E7D73 = {
						CreatedOnToolsVersion = 8.2.1;
						ProvisioningStyle = Automatic;
					};
				};
			};
			buildConfigurationList = 34439F2A1E73865A009E7D73 /* Build configuration list for PBXProject "Map" */;
			compatibilityVersion = "Xcode 3.2";
			developmentRegion = English;
			hasScannedForEncodings = 0;
			knownRegions = (
				en,
			);
			mainGroup = 34439F261E73865A009E7D73;
			productRefGroup = 34439F301E73865A009E7D73 /* Products */;
			projectDirPath = "";
			projectRoot = "";
			targets = (
				34439F2E1E73865A009E7D73 /* Map */,
			);
		};
/* End PBXProject section */

/* Begin PBXSourcesBuildPhase section */
		34439F2B1E73865A009E7D73 /* Sources */ = {
			isa = PBXSourcesBuildPhase;
			buildActionMask = 2147483647;
			files = (
				34439F411E738728009E7D73 /* Navigator.cpp in Sources */,
				34439F331E73865A009E7D73 /* main.cpp in Sources */,
				34439F3D1E738708009E7D73 /* AttractionMapper.cpp in Sources */,
				34439F491E7769E8009E7D73 /* support.cpp in Sources */,
				34439F461E738BC4009E7D73 /* SegmentMapper.cpp in Sources */,
				34439F3F1E73871A009E7D73 /* MapLoader.cpp in Sources */,
			);
			runOnlyForDeploymentPostprocessing = 0;
		};
/* End PBXSourcesBuildPhase section */

/* Begin XCBuildConfiguration section */
		34439F341E73865A009E7D73 /* Debug */ = {
			isa = XCBuildConfiguration;
			buildSettings = {
				ALWAYS_SEARCH_USER_PATHS = NO;
				CLANG_ANALYZER_NONNULL = YES;
				CLANG_CXX_LANGUAGE_STANDARD = "gnu++0x";
				CLANG_CXX_LIBRARY = "libc++";
				CLANG_ENABLE_MODULES = YES;
				CLANG_ENABLE_OBJC_ARC = YES;
				CLANG_WARN_BOOL_CONVERSION = YES;
				CLANG_WARN_CONSTANT_CONVERSION = YES;
				CLANG_WARN_DIRECT_OBJC_ISA_USAGE = YES_ERROR;
				CLANG_WARN_DOCUMENTATION_COMMENTS = YES;
				CLANG_WARN_EMPTY_BODY = YES;
				CLANG_WARN_ENUM_CONVERSION = YES;
				CLANG_WARN_INFINITE_RECURSION = YES;
				CLANG_WARN_INT_CONVERSION = YES;
				CLANG_WARN_OBJC_ROOT_CLASS = YES_ERROR;
				CLANG_WARN_SUSPICIOUS_MOVE = YES;
				CLANG_WARN_UNREACHABLE_CODE = YES;
				CLANG_WARN__DUPLICATE_METHOD_MATCH = YES;
				CODE_SIGN_IDENTITY = "-";
				COPY_PHASE_STRIP = NO;
				DEBUG_INFORMATION_FORMAT = dwarf;
				ENABLE_STRICT_OBJC_MSGSEND = YES;
				ENABLE_TESTABILITY = YES;
				GCC_C_LANGUAGE_STANDARD = gnu99;
				GCC_DYNAMIC_NO_PIC = NO;
				GCC_NO_COMMON_BLOCKS = YES;
				GCC_OPTIMIZATION_LEVEL = 0;
				GCC_PREPROCESSOR_DEFINITIONS = (
					"DEBUG=1",
					"$(inherited)",
				);
				GCC_WARN_64_TO_32_BIT_CONVERSION = YES;
				GCC_WARN_ABOUT_RETURN_TYPE = YES_ERROR;
				GCC_WARN_UNDECLARED_SELECTOR = YES;
				GCC_WARN_UNINITIALIZED_AUTOS = YES_AGGRESSIVE;
				GCC_WARN_UNUSED_FUNCTION = YES;
				GCC_WARN_UNUSED_VARIABLE = YES;
				MACOSX_DEPLOYMENT_TARGET = 10.12;
				MTL_ENABLE_DEBUG_INFO = YES;
				ONLY_ACTIVE_ARCH = YES;
				SDKROOT = macosx;
			};
			name = Debug;
		};
		34439F351E73865A009E7D73 /* Release */ = {
			isa = XCBuildConfiguration;
			buildSettings = {
				ALWAYS_SEARCH_USER_PATHS = NO;
				CLANG_ANALYZER_NONNULL = YES;
				CLANG_CXX_LANGUAGE_STANDARD = "gnu++0x";
				CLANG_CXX_LIBRARY = "libc++";
				CLANG_ENABLE_MODULES = YES;
				CLANG_ENABLE_OBJC_ARC = YES;
				CLANG_WARN_BOOL_CONVERSION = YES;
				CLANG_WARN_CONSTANT_CONVERSION = YES;
				CLANG_WARN_DIRECT_OBJC_ISA_USAGE = YES_ERROR;
				CLANG_WARN_DOCUMENTATION_COMMENTS = YES;
				CLANG_WARN_EMPTY_BODY = YES;
				CLANG_WARN_ENUM_CONVERSION = YES;
				CLANG_WARN_INFINITE_RECURSION = YES;
				CLANG_WARN_INT_CONVERSION = YES;
				CLANG_WARN_OBJC_ROOT_CLASS = YES_ERROR;
				CLANG_WARN_SUSPICIOUS_MOVE = YES;
				CLANG_WARN_UNREACHABLE_CODE = YES;
				CLANG_WARN__DUPLICATE_METHOD_MATCH = YES;
				CODE_SIGN_IDENTITY = "-";
				COPY_PHASE_STRIP = NO;
				DEBUG_INFORMATION_FORMAT = "dwarf-with-dsym";
				ENABLE_NS_ASSERTIONS = NO;
				ENABLE_STRICT_OBJC_MSGSEND = YES;
				GCC_C_LANGUAGE_STANDARD = gnu99;
				GCC_NO_COMMON_BLOCKS = YES;
				GCC_WARN_64_TO_32_BIT_CONVERSION = YES;
				GCC_WARN_ABOUT_RETURN_TYPE = YES_ERROR;
				GCC_WARN_UNDECLARED_SELECTOR = YES;
				GCC_WARN_UNINITIALIZED_AUTOS = YES_AGGRESSIVE;
				GCC_WARN_UNUSED_FUNCTION = YES;
				GCC_WARN_UNUSED_VARIABLE = YES;
				MACOSX_DEPLOYMENT_TARGET = 10.12;
				MTL_ENABLE_DEBUG_INFO = NO;
				SDKROOT = macosx;
			};
			name = Release;
		};
		34439F371E73865A009E7D73 /* Debug */ = {
			isa = XCBuildConfiguration;
			buildSettings = {
				PRODUCT_NAME = "$(TARGET_NAME)";
			};
			name = Debug;
		};
		34439F381E73865A009E7D73 /* Release */ = {
			isa = XCBuildConfiguration;
			buildSettings = {
				PRODUCT_NAME = "$(TARGET_NAME)";
			};
			name = Release;
		};
/* End XCBuildConfiguration section */

/* Begin XCConfigurationList section */
		34439F2A1E73865A009E7D73 /* Build configuration list for PBXProject "Map" */ = {
			isa = XCConfigurationList;
			buildConfigurations = (
				34439F341E73865A009E7D73 /* Debug */,
				34439F351E73865A009E7D73 /* Release */,
			);
			defaultConfigurationIsVisible = 0;
			defaultConfigurationName = Release;
		};
		34439F361E73865A009E7D73 /* Build configuration list for PBXNativeTarget "Map" */ = {
			isa = XCConfigurationList;
			buildConfigurations = (
				34439F371E73865A009E7D73 /* Debug */,
				34439F381E73865A009E7D73 /* Release */,
			);
			defaultConfigurationIsVisible = 0;
			defaultConfigurationName = Release;
		};
/* End XCConfigurationList section */
	};
	rootObject = 34439F271E73865A009E7D73 /* Project object */;
}
